// !$*UTF8*$!
{
	archiveVersion = 1;
	classes = {
	};
	objectVersion = 50;
	objects = {

/* Begin PBXBuildFile section */
		78046A1D2347B0FA008F1AC7 /* main.cpp in Sources */ = {isa = PBXBuildFile; fileRef = 78046A1C2347B0FA008F1AC7 /* main.cpp */; };
		78046A2C2347BBB0008F1AC7 /* SDL2.framework in Frameworks */ = {isa = PBXBuildFile; fileRef = 78046A242347B13B008F1AC7 /* SDL2.framework */; };
		78046A2E2347C17D008F1AC7 /* main_render.cpp in Sources */ = {isa = PBXBuildFile; fileRef = 78046A2D2347C17D008F1AC7 /* main_render.cpp */; };
		78046A312347C1A9008F1AC7 /* Game.cpp in Sources */ = {isa = PBXBuildFile; fileRef = 78046A2F2347C1A9008F1AC7 /* Game.cpp */; };
		78046A332347C9E0008F1AC7 /* SDL2_image.framework in Frameworks */ = {isa = PBXBuildFile; fileRef = 78046A322347C9E0008F1AC7 /* SDL2_image.framework */; };
		78046A3A2347DA3B008F1AC7 /* TextureManager.cpp in Sources */ = {isa = PBXBuildFile; fileRef = 78046A382347DA3B008F1AC7 /* TextureManager.cpp */; };
		78046A3D2347DE26008F1AC7 /* GameObject.cpp in Sources */ = {isa = PBXBuildFile; fileRef = 78046A3B2347DE26008F1AC7 /* GameObject.cpp */; };
		78046A4123487729008F1AC7 /* RenderUnity.cpp in Sources */ = {isa = PBXBuildFile; fileRef = 78046A3F23487728008F1AC7 /* RenderUnity.cpp */; };
		78046A442348A590008F1AC7 /* Map.cpp in Sources */ = {isa = PBXBuildFile; fileRef = 78046A422348A590008F1AC7 /* Map.cpp */; };
/* End PBXBuildFile section */

/* Begin PBXCopyFilesBuildPhase section */
		78046A172347B0FA008F1AC7 /* CopyFiles */ = {
			isa = PBXCopyFilesBuildPhase;
			buildActionMask = 2147483647;
			dstPath = /usr/share/man/man1/;
			dstSubfolderSpec = 0;
			files = (
			);
			runOnlyForDeploymentPostprocessing = 1;
		};
/* End PBXCopyFilesBuildPhase section */

/* Begin PBXFileReference section */
		78046A192347B0FA008F1AC7 /* SDL_TEST_YOUTUBE */ = {isa = PBXFileReference; explicitFileType = "compiled.mach-o.executable"; includeInIndex = 0; path = SDL_TEST_YOUTUBE; sourceTree = BUILT_PRODUCTS_DIR; };
		78046A1C2347B0FA008F1AC7 /* main.cpp */ = {isa = PBXFileReference; lastKnownFileType = sourcecode.cpp.cpp; path = main.cpp; sourceTree = "<group>"; };
		78046A242347B13B008F1AC7 /* SDL2.framework */ = {isa = PBXFileReference; lastKnownFileType = wrapper.framework; name = SDL2.framework; path = ../../../../../Library/Frameworks/SDL2.framework; sourceTree = "<group>"; };
		78046A2D2347C17D008F1AC7 /* main_render.cpp */ = {isa = PBXFileReference; lastKnownFileType = sourcecode.cpp.cpp; path = main_render.cpp; sourceTree = "<group>"; };
		78046A2F2347C1A9008F1AC7 /* Game.cpp */ = {isa = PBXFileReference; lastKnownFileType = sourcecode.cpp.cpp; path = Game.cpp; sourceTree = "<group>"; };
		78046A302347C1A9008F1AC7 /* Game.hpp */ = {isa = PBXFileReference; lastKnownFileType = sourcecode.cpp.h; path = Game.hpp; sourceTree = "<group>"; };
		78046A322347C9E0008F1AC7 /* SDL2_image.framework */ = {isa = PBXFileReference; lastKnownFileType = wrapper.framework; name = SDL2_image.framework; path = ../../../../../Library/Frameworks/SDL2_image.framework; sourceTree = "<group>"; };
		78046A362347CC27008F1AC7 /* player.png */ = {isa = PBXFileReference; lastKnownFileType = image.png; path = player.png; sourceTree = "<group>"; };
		78046A382347DA3B008F1AC7 /* TextureManager.cpp */ = {isa = PBXFileReference; lastKnownFileType = sourcecode.cpp.cpp; path = TextureManager.cpp; sourceTree = "<group>"; };
		78046A392347DA3B008F1AC7 /* TextureManager.hpp */ = {isa = PBXFileReference; lastKnownFileType = sourcecode.cpp.h; path = TextureManager.hpp; sourceTree = "<group>"; };
		78046A3B2347DE26008F1AC7 /* GameObject.cpp */ = {isa = PBXFileReference; lastKnownFileType = sourcecode.cpp.cpp; path = GameObject.cpp; sourceTree = "<group>"; };
		78046A3C2347DE26008F1AC7 /* GameObject.hpp */ = {isa = PBXFileReference; lastKnownFileType = sourcecode.cpp.h; path = GameObject.hpp; sourceTree = "<group>"; };
		78046A3F23487728008F1AC7 /* RenderUnity.cpp */ = {isa = PBXFileReference; lastKnownFileType = sourcecode.cpp.cpp; path = RenderUnity.cpp; sourceTree = "<group>"; };
		78046A4023487729008F1AC7 /* RenderUnity.hpp */ = {isa = PBXFileReference; lastKnownFileType = sourcecode.cpp.h; path = RenderUnity.hpp; sourceTree = "<group>"; };
		78046A422348A590008F1AC7 /* Map.cpp */ = {isa = PBXFileReference; lastKnownFileType = sourcecode.cpp.cpp; path = Map.cpp; sourceTree = "<group>"; };
		78046A432348A590008F1AC7 /* Map.hpp */ = {isa = PBXFileReference; lastKnownFileType = sourcecode.cpp.h; path = Map.hpp; sourceTree = "<group>"; };
		78207D2D234BA1E500098EBF /* tilesprite.png */ = {isa = PBXFileReference; lastKnownFileType = image.png; path = tilesprite.png; sourceTree = "<group>"; };
		7829A8DB2348AF070002F6F0 /* ground.png */ = {isa = PBXFileReference; lastKnownFileType = image.png; path = ground.png; sourceTree = "<group>"; };
		7829A8DC2348AF070002F6F0 /* ground-shadow.png */ = {isa = PBXFileReference; lastKnownFileType = image.png; path = "ground-shadow.png"; sourceTree = "<group>"; };
		7829A8DD2348AF0F0002F6F0 /* water.png */ = {isa = PBXFileReference; lastKnownFileType = image.png; path = water.png; sourceTree = "<group>"; };
/* End PBXFileReference section */

/* Begin PBXFrameworksBuildPhase section */
		78046A162347B0FA008F1AC7 /* Frameworks */ = {
			isa = PBXFrameworksBuildPhase;
			buildActionMask = 2147483647;
			files = (
				78046A332347C9E0008F1AC7 /* SDL2_image.framework in Frameworks */,
				78046A2C2347BBB0008F1AC7 /* SDL2.framework in Frameworks */,
			);
			runOnlyForDeploymentPostprocessing = 0;
		};
/* End PBXFrameworksBuildPhase section */

/* Begin PBXGroup section */
		78046A102347B0FA008F1AC7 = {
			isa = PBXGroup;
			children = (
				78046A1B2347B0FA008F1AC7 /* SDL_TEST_YOUTUBE */,
				78046A1A2347B0FA008F1AC7 /* Products */,
				78046A232347B13A008F1AC7 /* Frameworks */,
			);
			sourceTree = "<group>";
		};
		78046A1A2347B0FA008F1AC7 /* Products */ = {
			isa = PBXGroup;
			children = (
				78046A192347B0FA008F1AC7 /* SDL_TEST_YOUTUBE */,
			);
			name = Products;
			sourceTree = "<group>";
		};
		78046A1B2347B0FA008F1AC7 /* SDL_TEST_YOUTUBE */ = {
			isa = PBXGroup;
			children = (
				78046A342347CBB3008F1AC7 /* assets */,
				78046A372347D8DB008F1AC7 /* src */,
				78046A2D2347C17D008F1AC7 /* main_render.cpp */,
			);
			path = SDL_TEST_YOUTUBE;
			sourceTree = "<group>";
		};
		78046A232347B13A008F1AC7 /* Frameworks */ = {
			isa = PBXGroup;
			children = (
				78046A322347C9E0008F1AC7 /* SDL2_image.framework */,
				78046A242347B13B008F1AC7 /* SDL2.framework */,
			);
			name = Frameworks;
			sourceTree = "<group>";
		};
		78046A342347CBB3008F1AC7 /* assets */ = {
			isa = PBXGroup;
			children = (
				78046A362347CC27008F1AC7 /* player.png */,
				7829A8DC2348AF070002F6F0 /* ground-shadow.png */,
				7829A8DD2348AF0F0002F6F0 /* water.png */,
				78207D2D234BA1E500098EBF /* tilesprite.png */,
				7829A8DB2348AF070002F6F0 /* ground.png */,
			);
			path = assets;
			sourceTree = "<group>";
		};
		78046A372347D8DB008F1AC7 /* src */ = {
			isa = PBXGroup;
			children = (
				78046A3E234876F2008F1AC7 /* RenderUnity */,
				78046A1C2347B0FA008F1AC7 /* main.cpp */,
				78046A302347C1A9008F1AC7 /* Game.hpp */,
				78046A2F2347C1A9008F1AC7 /* Game.cpp */,
				78046A432348A590008F1AC7 /* Map.hpp */,
				78046A422348A590008F1AC7 /* Map.cpp */,
				78046A392347DA3B008F1AC7 /* TextureManager.hpp */,
				78046A382347DA3B008F1AC7 /* TextureManager.cpp */,
				78046A3C2347DE26008F1AC7 /* GameObject.hpp */,
				78046A3B2347DE26008F1AC7 /* GameObject.cpp */,
			);
			path = src;
			sourceTree = "<group>";
		};
		78046A3E234876F2008F1AC7 /* RenderUnity */ = {
			isa = PBXGroup;
			children = (
				78046A3F23487728008F1AC7 /* RenderUnity.cpp */,
				78046A4023487729008F1AC7 /* RenderUnity.hpp */,
			);
			path = RenderUnity;
			sourceTree = "<group>";
		};
/* End PBXGroup section */

/* Begin PBXNativeTarget section */
		78046A182347B0FA008F1AC7 /* SDL_TEST_YOUTUBE */ = {
			isa = PBXNativeTarget;
			buildConfigurationList = 78046A202347B0FA008F1AC7 /* Build configuration list for PBXNativeTarget "SDL_TEST_YOUTUBE" */;
			buildPhases = (
				78046A152347B0FA008F1AC7 /* Sources */,
				78046A162347B0FA008F1AC7 /* Frameworks */,
				78046A172347B0FA008F1AC7 /* CopyFiles */,
			);
			buildRules = (
			);
			dependencies = (
			);
			name = SDL_TEST_YOUTUBE;
			productName = SDL_TEST_YOUTUBE;
			productReference = 78046A192347B0FA008F1AC7 /* SDL_TEST_YOUTUBE */;
			productType = "com.apple.product-type.tool";
		};
/* End PBXNativeTarget section */

/* Begin PBXProject section */
		78046A112347B0FA008F1AC7 /* Project object */ = {
			isa = PBXProject;
			attributes = {
				LastUpgradeCheck = 1030;
				ORGANIZATIONNAME = c33k;
				TargetAttributes = {
					78046A182347B0FA008F1AC7 = {
						CreatedOnToolsVersion = 10.3;
					};
				};
			};
			buildConfigurationList = 78046A142347B0FA008F1AC7 /* Build configuration list for PBXProject "SDL_TEST_YOUTUBE" */;
			compatibilityVersion = "Xcode 9.3";
			developmentRegion = en;
			hasScannedForEncodings = 0;
			knownRegions = (
				en,
			);
			mainGroup = 78046A102347B0FA008F1AC7;
			productRefGroup = 78046A1A2347B0FA008F1AC7 /* Products */;
			projectDirPath = "";
			projectRoot = "";
			targets = (
				78046A182347B0FA008F1AC7 /* SDL_TEST_YOUTUBE */,
			);
		};
/* End PBXProject section */

/* Begin PBXSourcesBuildPhase section */
		78046A152347B0FA008F1AC7 /* Sources */ = {
			isa = PBXSourcesBuildPhase;
			buildActionMask = 2147483647;
			files = (
				78046A312347C1A9008F1AC7 /* Game.cpp in Sources */,
				78046A2E2347C17D008F1AC7 /* main_render.cpp in Sources */,
				78046A1D2347B0FA008F1AC7 /* main.cpp in Sources */,
				78046A4123487729008F1AC7 /* RenderUnity.cpp in Sources */,
				78046A3A2347DA3B008F1AC7 /* TextureManager.cpp in Sources */,
				78046A442348A590008F1AC7 /* Map.cpp in Sources */,
				78046A3D2347DE26008F1AC7 /* GameObject.cpp in Sources */,
			);
			runOnlyForDeploymentPostprocessing = 0;
		};
/* End PBXSourcesBuildPhase section */

/* Begin XCBuildConfiguration section */
		78046A1E2347B0FA008F1AC7 /* Debug */ = {
			isa = XCBuildConfiguration;
			buildSettings = {
				ALWAYS_SEARCH_USER_PATHS = NO;
				CLANG_ANALYZER_NONNULL = YES;
				CLANG_ANALYZER_NUMBER_OBJECT_CONVERSION = YES_AGGRESSIVE;
				CLANG_CXX_LANGUAGE_STANDARD = "gnu++14";
				CLANG_CXX_LIBRARY = "libc++";
				CLANG_ENABLE_MODULES = YES;
				CLANG_ENABLE_OBJC_ARC = YES;
				CLANG_ENABLE_OBJC_WEAK = YES;
				CLANG_WARN_BLOCK_CAPTURE_AUTORELEASING = YES;
				CLANG_WARN_BOOL_CONVERSION = YES;
				CLANG_WARN_COMMA = YES;
				CLANG_WARN_CONSTANT_CONVERSION = YES;
				CLANG_WARN_DEPRECATED_OBJC_IMPLEMENTATIONS = YES;
				CLANG_WARN_DIRECT_OBJC_ISA_USAGE = YES_ERROR;
				CLANG_WARN_DOCUMENTATION_COMMENTS = YES;
				CLANG_WARN_EMPTY_BODY = YES;
				CLANG_WARN_ENUM_CONVERSION = YES;
				CLANG_WARN_INFINITE_RECURSION = YES;
				CLANG_WARN_INT_CONVERSION = YES;
				CLANG_WARN_NON_LITERAL_NULL_CONVERSION = YES;
				CLANG_WARN_OBJC_IMPLICIT_RETAIN_SELF = YES;
				CLANG_WARN_OBJC_LITERAL_CONVERSION = YES;
				CLANG_WARN_OBJC_ROOT_CLASS = YES_ERROR;
				CLANG_WARN_RANGE_LOOP_ANALYSIS = YES;
				CLANG_WARN_STRICT_PROTOTYPES = YES;
				CLANG_WARN_SUSPICIOUS_MOVE = YES;
				CLANG_WARN_UNGUARDED_AVAILABILITY = YES_AGGRESSIVE;
				CLANG_WARN_UNREACHABLE_CODE = YES;
				CLANG_WARN__DUPLICATE_METHOD_MATCH = YES;
				CODE_SIGN_IDENTITY = "-";
				COPY_PHASE_STRIP = NO;
				DEBUG_INFORMATION_FORMAT = dwarf;
				ENABLE_STRICT_OBJC_MSGSEND = YES;
				ENABLE_TESTABILITY = YES;
				GCC_C_LANGUAGE_STANDARD = gnu11;
				GCC_DYNAMIC_NO_PIC = NO;
				GCC_NO_COMMON_BLOCKS = YES;
				GCC_OPTIMIZATION_LEVEL = 0;
				GCC_PREPROCESSOR_DEFINITIONS = (
					"DEBUG=1",
					"$(inherited)",
				);
				GCC_WARN_64_TO_32_BIT_CONVERSION = YES;
				GCC_WARN_ABOUT_RETURN_TYPE = YES_ERROR;
				GCC_WARN_UNDECLARED_SELECTOR = YES;
				GCC_WARN_UNINITIALIZED_AUTOS = YES_AGGRESSIVE;
				GCC_WARN_UNUSED_FUNCTION = YES;
				GCC_WARN_UNUSED_VARIABLE = YES;
				MACOSX_DEPLOYMENT_TARGET = 10.14;
				MTL_ENABLE_DEBUG_INFO = INCLUDE_SOURCE;
				MTL_FAST_MATH = YES;
				ONLY_ACTIVE_ARCH = YES;
				SDKROOT = macosx;
			};
			name = Debug;
		};
		78046A1F2347B0FA008F1AC7 /* Release */ = {
			isa = XCBuildConfiguration;
			buildSettings = {
				ALWAYS_SEARCH_USER_PATHS = NO;
				CLANG_ANALYZER_NONNULL = YES;
				CLANG_ANALYZER_NUMBER_OBJECT_CONVERSION = YES_AGGRESSIVE;
				CLANG_CXX_LANGUAGE_STANDARD = "gnu++14";
				CLANG_CXX_LIBRARY = "libc++";
				CLANG_ENABLE_MODULES = YES;
				CLANG_ENABLE_OBJC_ARC = YES;
				CLANG_ENABLE_OBJC_WEAK = YES;
				CLANG_WARN_BLOCK_CAPTURE_AUTORELEASING = YES;
				CLANG_WARN_BOOL_CONVERSION = YES;
				CLANG_WARN_COMMA = YES;
				CLANG_WARN_CONSTANT_CONVERSION = YES;
				CLANG_WARN_DEPRECATED_OBJC_IMPLEMENTATIONS = YES;
				CLANG_WARN_DIRECT_OBJC_ISA_USAGE = YES_ERROR;
				CLANG_WARN_DOCUMENTATION_COMMENTS = YES;
				CLANG_WARN_EMPTY_BODY = YES;
				CLANG_WARN_ENUM_CONVERSION = YES;
				CLANG_WARN_INFINITE_RECURSION = YES;
				CLANG_WARN_INT_CONVERSION = YES;
				CLANG_WARN_NON_LITERAL_NULL_CONVERSION = YES;
				CLANG_WARN_OBJC_IMPLICIT_RETAIN_SELF = YES;
				CLANG_WARN_OBJC_LITERAL_CONVERSION = YES;
				CLANG_WARN_OBJC_ROOT_CLASS = YES_ERROR;
				CLANG_WARN_RANGE_LOOP_ANALYSIS = YES;
				CLANG_WARN_STRICT_PROTOTYPES = YES;
				CLANG_WARN_SUSPICIOUS_MOVE = YES;
				CLANG_WARN_UNGUARDED_AVAILABILITY = YES_AGGRESSIVE;
				CLANG_WARN_UNREACHABLE_CODE = YES;
				CLANG_WARN__DUPLICATE_METHOD_MATCH = YES;
				CODE_SIGN_IDENTITY = "-";
				COPY_PHASE_STRIP = NO;
				DEBUG_INFORMATION_FORMAT = "dwarf-with-dsym";
				ENABLE_NS_ASSERTIONS = NO;
				ENABLE_STRICT_OBJC_MSGSEND = YES;
				GCC_C_LANGUAGE_STANDARD = gnu11;
				GCC_NO_COMMON_BLOCKS = YES;
				GCC_WARN_64_TO_32_BIT_CONVERSION = YES;
				GCC_WARN_ABOUT_RETURN_TYPE = YES_ERROR;
				GCC_WARN_UNDECLARED_SELECTOR = YES;
				GCC_WARN_UNINITIALIZED_AUTOS = YES_AGGRESSIVE;
				GCC_WARN_UNUSED_FUNCTION = YES;
				GCC_WARN_UNUSED_VARIABLE = YES;
				MACOSX_DEPLOYMENT_TARGET = 10.14;
				MTL_ENABLE_DEBUG_INFO = NO;
				MTL_FAST_MATH = YES;
				SDKROOT = macosx;
			};
			name = Release;
		};
		78046A212347B0FA008F1AC7 /* Debug */ = {
			isa = XCBuildConfiguration;
			buildSettings = {
				CODE_SIGN_STYLE = Automatic;
				FRAMEWORK_SEARCH_PATHS = (
					"$(inherited)",
					"$(LOCAL_LIBRARY_DIR)/Frameworks",
				);
				PRODUCT_NAME = "$(TARGET_NAME)";
			};
			name = Debug;
		};
		78046A222347B0FA008F1AC7 /* Release */ = {
			isa = XCBuildConfiguration;
			buildSettings = {
				CODE_SIGN_STYLE = Automatic;
				FRAMEWORK_SEARCH_PATHS = (
					"$(inherited)",
					"$(LOCAL_LIBRARY_DIR)/Frameworks",
				);
				PRODUCT_NAME = "$(TARGET_NAME)";
			};
			name = Release;
		};
/* End XCBuildConfiguration section */

/* Begin XCConfigurationList section */
		78046A142347B0FA008F1AC7 /* Build configuration list for PBXProject "SDL_TEST_YOUTUBE" */ = {
			isa = XCConfigurationList;
			buildConfigurations = (
				78046A1E2347B0FA008F1AC7 /* Debug */,
				78046A1F2347B0FA008F1AC7 /* Release */,
			);
			defaultConfigurationIsVisible = 0;
			defaultConfigurationName = Release;
		};
		78046A202347B0FA008F1AC7 /* Build configuration list for PBXNativeTarget "SDL_TEST_YOUTUBE" */ = {
			isa = XCConfigurationList;
			buildConfigurations = (
				78046A212347B0FA008F1AC7 /* Debug */,
				78046A222347B0FA008F1AC7 /* Release */,
			);
			defaultConfigurationIsVisible = 0;
			defaultConfigurationName = Release;
		};
/* End XCConfigurationList section */
	};
	rootObject = 78046A112347B0FA008F1AC7 /* Project object */;
}
